
Microsoft Visual Studio Solution File, Format Version 12.00
Project("{FAE04EC0-301F-11D3-BF4B-00C04F79EFBC}") = "Russkyc.MudblazorAdmin", "Russkyc.MudblazorAdmin\Russkyc.MudblazorAdmin.csproj", "{DBDE6001-EADA-4338-8547-CCCB4BB7E0D7}"
EndProject
Global
	GlobalSection(SolutionConfigurationPlatforms) = preSolution
		Debug|Any CPU = Debug|Any CPU
		Release|Any CPU = Release|Any CPU
	EndGlobalSection
	GlobalSection(ProjectConfigurationPlatforms) = postSolution
		{DBDE6001-EADA-4338-8547-CCCB4BB7E0D7}.Debug|Any CPU.ActiveCfg = Debug|Any CPU
		{DBDE6001-EADA-4338-8547-CCCB4BB7E0D7}.Debug|Any CPU.Build.0 = Debug|Any CPU
		{DBDE6001-EADA-4338-8547-CCCB4BB7E0D7}.Release|Any CPU.ActiveCfg = Release|Any CPU
		{DBDE6001-EADA-4338-8547-CCCB4BB7E0D7}.Release|Any CPU.Build.0 = Release|Any CPU
	EndGlobalSection
EndGlobal
